// !$*UTF8*$!
{
	archiveVersion = 1;
	classes = {
	};
	objectVersion = 56;
	objects = {

/* Begin PBXBuildFile section */
		E0368DB02AE9B4AF00A513B7 /* CriticalMoments in Frameworks */ = {isa = PBXBuildFile; productRef = E0368DAF2AE9B4AF00A513B7 /* CriticalMoments */; };
		E0368DB22AF7FE4600A513B7 /* testConfig.json in Resources */ = {isa = PBXBuildFile; fileRef = E0368DB12AF7FE4600A513B7 /* testConfig.json */; };
		E03977EA2ACBADCF00A879AD /* SwiftSnapshotTests.swift in Sources */ = {isa = PBXBuildFile; fileRef = E03977E92ACBADCF00A879AD /* SwiftSnapshotTests.swift */; };
		E03F9BA62B6D79D6006EA449 /* ConversionDemoScreen.m in Sources */ = {isa = PBXBuildFile; fileRef = E03F9BA52B6D79D6006EA449 /* ConversionDemoScreen.m */; };
		E03F9BA92B6D8267006EA449 /* InfoHeader.m in Sources */ = {isa = PBXBuildFile; fileRef = E03F9BA82B6D8267006EA449 /* InfoHeader.m */; };
		E03F9BAC2B6F30D1006EA449 /* MessagingDemoScreen.m in Sources */ = {isa = PBXBuildFile; fileRef = E03F9BAB2B6F30D1006EA449 /* MessagingDemoScreen.m */; };
		E03F9BAF2B7017F8006EA449 /* FeatureFlagsDemoScreen.m in Sources */ = {isa = PBXBuildFile; fileRef = E03F9BAE2B7017F8006EA449 /* FeatureFlagsDemoScreen.m */; };
		E0409D3229FED2730027E0D2 /* ThemeDemoScreen.m in Sources */ = {isa = PBXBuildFile; fileRef = E0409D3129FED2730027E0D2 /* ThemeDemoScreen.m */; };
		E0446E642A0971750069E5BD /* config.json in Resources */ = {isa = PBXBuildFile; fileRef = E0446E632A0970A10069E5BD /* config.json */; };
		E0446E672A0CBA540069E5BD /* AlertDemoScreen.m in Sources */ = {isa = PBXBuildFile; fileRef = E0446E662A0CBA540069E5BD /* AlertDemoScreen.m */; };
		E0446E6A2A0D73F10069E5BD /* LinkDemoScreen.m in Sources */ = {isa = PBXBuildFile; fileRef = E0446E692A0D73F10069E5BD /* LinkDemoScreen.m */; };
		E0446E752A0DC0170069E5BD /* SnapshotTests.m in Sources */ = {isa = PBXBuildFile; fileRef = E0446E742A0DC0170069E5BD /* SnapshotTests.m */; };
		E0446E782A0DC2430069E5BD /* SampleAppCoreViewController.m in Sources */ = {isa = PBXBuildFile; fileRef = E0446E772A0DC2430069E5BD /* SampleAppCoreViewController.m */; };
		E06691422B50C4F700FCFBAF /* SnapshotTesting in Frameworks */ = {isa = PBXBuildFile; productRef = E06691412B50C4F700FCFBAF /* SnapshotTesting */; };
		E069BFB12A217A9E00A4B65E /* ConditionsDemoScreen.m in Sources */ = {isa = PBXBuildFile; fileRef = E069BFB02A217A9E00A4B65E /* ConditionsDemoScreen.m */; };
		E07B774B29F9B202001521F4 /* CMDemoScreen.m in Sources */ = {isa = PBXBuildFile; fileRef = E07B774A29F9B202001521F4 /* CMDemoScreen.m */; };
		E07B774E29F9B69D001521F4 /* BannerDemoScreen.m in Sources */ = {isa = PBXBuildFile; fileRef = E07B774D29F9B69D001521F4 /* BannerDemoScreen.m */; };
		E07B775129FA0144001521F4 /* Utils.m in Sources */ = {isa = PBXBuildFile; fileRef = E07B775029FA0144001521F4 /* Utils.m */; };
		E07B775429FA04FF001521F4 /* MainDemoScreen.m in Sources */ = {isa = PBXBuildFile; fileRef = E07B775329FA04FF001521F4 /* MainDemoScreen.m */; };
		E0AB830A2B7A79700003EDE2 /* BuiltInThemesDemoScreen.m in Sources */ = {isa = PBXBuildFile; fileRef = E0AB83092B7A79700003EDE2 /* BuiltInThemesDemoScreen.m */; };
		E0B545EE29F407C2002A25A8 /* AppDelegate.m in Sources */ = {isa = PBXBuildFile; fileRef = E0B545ED29F407C2002A25A8 /* AppDelegate.m */; };
		E0B545F129F407C2002A25A8 /* SceneDelegate.m in Sources */ = {isa = PBXBuildFile; fileRef = E0B545F029F407C2002A25A8 /* SceneDelegate.m */; };
		E0B545F729F407C2002A25A8 /* Main.storyboard in Resources */ = {isa = PBXBuildFile; fileRef = E0B545F529F407C2002A25A8 /* Main.storyboard */; };
		E0B545F929F407C3002A25A8 /* Assets.xcassets in Resources */ = {isa = PBXBuildFile; fileRef = E0B545F829F407C3002A25A8 /* Assets.xcassets */; };
		E0B545FC29F407C3002A25A8 /* LaunchScreen.storyboard in Resources */ = {isa = PBXBuildFile; fileRef = E0B545FA29F407C3002A25A8 /* LaunchScreen.storyboard */; };
		E0B545FF29F407C3002A25A8 /* main.m in Sources */ = {isa = PBXBuildFile; fileRef = E0B545FE29F407C3002A25A8 /* main.m */; };
		E0B5460929F407C3002A25A8 /* SampleAppTests.m in Sources */ = {isa = PBXBuildFile; fileRef = E0B5460829F407C3002A25A8 /* SampleAppTests.m */; };
		E0C102E62AE95EE4005E1A1F /* PropertiesTests.m in Sources */ = {isa = PBXBuildFile; fileRef = E0C102E52AE95EE4005E1A1F /* PropertiesTests.m */; };
		E0DA23EF29F4095900DB0AC7 /* CriticalMoments in Frameworks */ = {isa = PBXBuildFile; productRef = E0DA23EE29F4095900DB0AC7 /* CriticalMoments */; };
		E0DA23F229F560A800DB0AC7 /* DemoViewContoller.m in Sources */ = {isa = PBXBuildFile; fileRef = E0DA23F129F560A800DB0AC7 /* DemoViewContoller.m */; };
		E0DD1D1A2A3A1B4B0059CC38 /* SheetDemoScreen.m in Sources */ = {isa = PBXBuildFile; fileRef = E0DD1D192A3A1B4B0059CC38 /* SheetDemoScreen.m */; };
/* End PBXBuildFile section */

/* Begin PBXContainerItemProxy section */
		E0B5460529F407C3002A25A8 /* PBXContainerItemProxy */ = {
			isa = PBXContainerItemProxy;
			containerPortal = E0B545E129F407C2002A25A8 /* Project object */;
			proxyType = 1;
			remoteGlobalIDString = E0B545E829F407C2002A25A8;
			remoteInfo = SampleApp;
		};
/* End PBXContainerItemProxy section */

/* Begin PBXFileReference section */
		E0368DB12AF7FE4600A513B7 /* testConfig.json */ = {isa = PBXFileReference; fileEncoding = 4; lastKnownFileType = text.json; name = testConfig.json; path = ../../Tests/CriticalMomentsTests/TestResources/testConfig.json; sourceTree = "<group>"; };
		E03977E92ACBADCF00A879AD /* SwiftSnapshotTests.swift */ = {isa = PBXFileReference; lastKnownFileType = sourcecode.swift; path = SwiftSnapshotTests.swift; sourceTree = "<group>"; };
		E03977ED2ACBB8EB00A879AD /* SampleAppTests-Bridging-Header.h */ = {isa = PBXFileReference; fileEncoding = 4; lastKnownFileType = sourcecode.c.h; path = "SampleAppTests-Bridging-Header.h"; sourceTree = "<group>"; };
		E03F9BA42B6D79D6006EA449 /* ConversionDemoScreen.h */ = {isa = PBXFileReference; lastKnownFileType = sourcecode.c.h; path = ConversionDemoScreen.h; sourceTree = "<group>"; };
		E03F9BA52B6D79D6006EA449 /* ConversionDemoScreen.m */ = {isa = PBXFileReference; lastKnownFileType = sourcecode.c.objc; path = ConversionDemoScreen.m; sourceTree = "<group>"; };
		E03F9BA72B6D8267006EA449 /* InfoHeader.h */ = {isa = PBXFileReference; lastKnownFileType = sourcecode.c.h; path = InfoHeader.h; sourceTree = "<group>"; };
		E03F9BA82B6D8267006EA449 /* InfoHeader.m */ = {isa = PBXFileReference; lastKnownFileType = sourcecode.c.objc; path = InfoHeader.m; sourceTree = "<group>"; };
		E03F9BAA2B6F30D1006EA449 /* MessagingDemoScreen.h */ = {isa = PBXFileReference; lastKnownFileType = sourcecode.c.h; path = MessagingDemoScreen.h; sourceTree = "<group>"; };
		E03F9BAB2B6F30D1006EA449 /* MessagingDemoScreen.m */ = {isa = PBXFileReference; lastKnownFileType = sourcecode.c.objc; path = MessagingDemoScreen.m; sourceTree = "<group>"; };
		E03F9BAD2B7017F8006EA449 /* FeatureFlagsDemoScreen.h */ = {isa = PBXFileReference; lastKnownFileType = sourcecode.c.h; path = FeatureFlagsDemoScreen.h; sourceTree = "<group>"; };
		E03F9BAE2B7017F8006EA449 /* FeatureFlagsDemoScreen.m */ = {isa = PBXFileReference; lastKnownFileType = sourcecode.c.objc; path = FeatureFlagsDemoScreen.m; sourceTree = "<group>"; };
		E0409D3029FED2730027E0D2 /* ThemeDemoScreen.h */ = {isa = PBXFileReference; lastKnownFileType = sourcecode.c.h; path = ThemeDemoScreen.h; sourceTree = "<group>"; };
		E0409D3129FED2730027E0D2 /* ThemeDemoScreen.m */ = {isa = PBXFileReference; lastKnownFileType = sourcecode.c.objc; path = ThemeDemoScreen.m; sourceTree = "<group>"; };
		E0409D3329FF24490027E0D2 /* criticalmoments */ = {isa = PBXFileReference; lastKnownFileType = wrapper; name = criticalmoments; path = ../..; sourceTree = "<group>"; };
		E0446E632A0970A10069E5BD /* config.json */ = {isa = PBXFileReference; lastKnownFileType = text.json; path = config.json; sourceTree = "<group>"; };
		E0446E652A0CBA540069E5BD /* AlertDemoScreen.h */ = {isa = PBXFileReference; lastKnownFileType = sourcecode.c.h; path = AlertDemoScreen.h; sourceTree = "<group>"; };
		E0446E662A0CBA540069E5BD /* AlertDemoScreen.m */ = {isa = PBXFileReference; lastKnownFileType = sourcecode.c.objc; path = AlertDemoScreen.m; sourceTree = "<group>"; };
		E0446E682A0D73F10069E5BD /* LinkDemoScreen.h */ = {isa = PBXFileReference; lastKnownFileType = sourcecode.c.h; path = LinkDemoScreen.h; sourceTree = "<group>"; };
		E0446E692A0D73F10069E5BD /* LinkDemoScreen.m */ = {isa = PBXFileReference; lastKnownFileType = sourcecode.c.objc; path = LinkDemoScreen.m; sourceTree = "<group>"; };
		E0446E742A0DC0170069E5BD /* SnapshotTests.m */ = {isa = PBXFileReference; lastKnownFileType = sourcecode.c.objc; path = SnapshotTests.m; sourceTree = "<group>"; };
		E0446E762A0DC2430069E5BD /* SampleAppCoreViewController.h */ = {isa = PBXFileReference; fileEncoding = 4; lastKnownFileType = sourcecode.c.h; path = SampleAppCoreViewController.h; sourceTree = "<group>"; };
		E0446E772A0DC2430069E5BD /* SampleAppCoreViewController.m */ = {isa = PBXFileReference; fileEncoding = 4; lastKnownFileType = sourcecode.c.objc; path = SampleAppCoreViewController.m; sourceTree = "<group>"; };
		E069BFAF2A217A9E00A4B65E /* ConditionsDemoScreen.h */ = {isa = PBXFileReference; lastKnownFileType = sourcecode.c.h; path = ConditionsDemoScreen.h; sourceTree = "<group>"; };
		E069BFB02A217A9E00A4B65E /* ConditionsDemoScreen.m */ = {isa = PBXFileReference; lastKnownFileType = sourcecode.c.objc; path = ConditionsDemoScreen.m; sourceTree = "<group>"; };
		E07B774929F9B202001521F4 /* CMDemoScreen.h */ = {isa = PBXFileReference; lastKnownFileType = sourcecode.c.h; path = CMDemoScreen.h; sourceTree = "<group>"; };
		E07B774A29F9B202001521F4 /* CMDemoScreen.m */ = {isa = PBXFileReference; lastKnownFileType = sourcecode.c.objc; path = CMDemoScreen.m; sourceTree = "<group>"; };
		E07B774C29F9B69D001521F4 /* BannerDemoScreen.h */ = {isa = PBXFileReference; lastKnownFileType = sourcecode.c.h; path = BannerDemoScreen.h; sourceTree = "<group>"; };
		E07B774D29F9B69D001521F4 /* BannerDemoScreen.m */ = {isa = PBXFileReference; lastKnownFileType = sourcecode.c.objc; path = BannerDemoScreen.m; sourceTree = "<group>"; };
		E07B774F29FA0144001521F4 /* Utils.h */ = {isa = PBXFileReference; lastKnownFileType = sourcecode.c.h; path = Utils.h; sourceTree = "<group>"; };
		E07B775029FA0144001521F4 /* Utils.m */ = {isa = PBXFileReference; lastKnownFileType = sourcecode.c.objc; path = Utils.m; sourceTree = "<group>"; };
		E07B775229FA04FF001521F4 /* MainDemoScreen.h */ = {isa = PBXFileReference; lastKnownFileType = sourcecode.c.h; path = MainDemoScreen.h; sourceTree = "<group>"; };
		E07B775329FA04FF001521F4 /* MainDemoScreen.m */ = {isa = PBXFileReference; lastKnownFileType = sourcecode.c.objc; path = MainDemoScreen.m; sourceTree = "<group>"; };
		E089CE482A361F0D00BD2BB9 /* TestPlan.xctestplan */ = {isa = PBXFileReference; lastKnownFileType = text; path = TestPlan.xctestplan; sourceTree = "<group>"; };
		E0AB83082B7A79700003EDE2 /* BuiltInThemesDemoScreen.h */ = {isa = PBXFileReference; lastKnownFileType = sourcecode.c.h; path = BuiltInThemesDemoScreen.h; sourceTree = "<group>"; };
		E0AB83092B7A79700003EDE2 /* BuiltInThemesDemoScreen.m */ = {isa = PBXFileReference; lastKnownFileType = sourcecode.c.objc; path = BuiltInThemesDemoScreen.m; sourceTree = "<group>"; };
		E0B545E929F407C2002A25A8 /* SampleApp.app */ = {isa = PBXFileReference; explicitFileType = wrapper.application; includeInIndex = 0; path = SampleApp.app; sourceTree = BUILT_PRODUCTS_DIR; };
		E0B545EC29F407C2002A25A8 /* AppDelegate.h */ = {isa = PBXFileReference; lastKnownFileType = sourcecode.c.h; path = AppDelegate.h; sourceTree = "<group>"; };
		E0B545ED29F407C2002A25A8 /* AppDelegate.m */ = {isa = PBXFileReference; lastKnownFileType = sourcecode.c.objc; path = AppDelegate.m; sourceTree = "<group>"; };
		E0B545EF29F407C2002A25A8 /* SceneDelegate.h */ = {isa = PBXFileReference; lastKnownFileType = sourcecode.c.h; path = SceneDelegate.h; sourceTree = "<group>"; };
		E0B545F029F407C2002A25A8 /* SceneDelegate.m */ = {isa = PBXFileReference; lastKnownFileType = sourcecode.c.objc; path = SceneDelegate.m; sourceTree = "<group>"; };
		E0B545F629F407C2002A25A8 /* Base */ = {isa = PBXFileReference; lastKnownFileType = file.storyboard; name = Base; path = Base.lproj/Main.storyboard; sourceTree = "<group>"; };
		E0B545F829F407C3002A25A8 /* Assets.xcassets */ = {isa = PBXFileReference; lastKnownFileType = folder.assetcatalog; path = Assets.xcassets; sourceTree = "<group>"; };
		E0B545FB29F407C3002A25A8 /* Base */ = {isa = PBXFileReference; lastKnownFileType = file.storyboard; name = Base; path = Base.lproj/LaunchScreen.storyboard; sourceTree = "<group>"; };
		E0B545FD29F407C3002A25A8 /* Info.plist */ = {isa = PBXFileReference; lastKnownFileType = text.plist.xml; path = Info.plist; sourceTree = "<group>"; };
		E0B545FE29F407C3002A25A8 /* main.m */ = {isa = PBXFileReference; lastKnownFileType = sourcecode.c.objc; path = main.m; sourceTree = "<group>"; };
		E0B5460429F407C3002A25A8 /* SampleAppTests.xctest */ = {isa = PBXFileReference; explicitFileType = wrapper.cfbundle; includeInIndex = 0; path = SampleAppTests.xctest; sourceTree = BUILT_PRODUCTS_DIR; };
		E0B5460829F407C3002A25A8 /* SampleAppTests.m */ = {isa = PBXFileReference; lastKnownFileType = sourcecode.c.objc; path = SampleAppTests.m; sourceTree = "<group>"; };
		E0C102E52AE95EE4005E1A1F /* PropertiesTests.m */ = {isa = PBXFileReference; lastKnownFileType = sourcecode.c.objc; path = PropertiesTests.m; sourceTree = "<group>"; };
		E0DA23F029F560A800DB0AC7 /* DemoViewContoller.h */ = {isa = PBXFileReference; lastKnownFileType = sourcecode.c.h; path = DemoViewContoller.h; sourceTree = "<group>"; };
		E0DA23F129F560A800DB0AC7 /* DemoViewContoller.m */ = {isa = PBXFileReference; lastKnownFileType = sourcecode.c.objc; path = DemoViewContoller.m; sourceTree = "<group>"; };
		E0DD1D182A3A1B4B0059CC38 /* SheetDemoScreen.h */ = {isa = PBXFileReference; lastKnownFileType = sourcecode.c.h; path = SheetDemoScreen.h; sourceTree = "<group>"; };
		E0DD1D192A3A1B4B0059CC38 /* SheetDemoScreen.m */ = {isa = PBXFileReference; lastKnownFileType = sourcecode.c.objc; path = SheetDemoScreen.m; sourceTree = "<group>"; };
/* End PBXFileReference section */

/* Begin PBXFrameworksBuildPhase section */
		E0B545E629F407C2002A25A8 /* Frameworks */ = {
			isa = PBXFrameworksBuildPhase;
			buildActionMask = 2147483647;
			files = (
				E0DA23EF29F4095900DB0AC7 /* CriticalMoments in Frameworks */,
			);
			runOnlyForDeploymentPostprocessing = 0;
		};
		E0B5460129F407C3002A25A8 /* Frameworks */ = {
			isa = PBXFrameworksBuildPhase;
			buildActionMask = 2147483647;
			files = (
				E0368DB02AE9B4AF00A513B7 /* CriticalMoments in Frameworks */,
				E06691422B50C4F700FCFBAF /* SnapshotTesting in Frameworks */,
			);
			runOnlyForDeploymentPostprocessing = 0;
		};
/* End PBXFrameworksBuildPhase section */

/* Begin PBXGroup section */
		E07B774829F9B1CD001521F4 /* DemoScreens */ = {
			isa = PBXGroup;
			children = (
				E0446E652A0CBA540069E5BD /* AlertDemoScreen.h */,
				E0446E662A0CBA540069E5BD /* AlertDemoScreen.m */,
				E07B774C29F9B69D001521F4 /* BannerDemoScreen.h */,
				E07B774D29F9B69D001521F4 /* BannerDemoScreen.m */,
				E069BFAF2A217A9E00A4B65E /* ConditionsDemoScreen.h */,
				E069BFB02A217A9E00A4B65E /* ConditionsDemoScreen.m */,
				E0446E682A0D73F10069E5BD /* LinkDemoScreen.h */,
				E0446E692A0D73F10069E5BD /* LinkDemoScreen.m */,
				E07B775229FA04FF001521F4 /* MainDemoScreen.h */,
				E07B775329FA04FF001521F4 /* MainDemoScreen.m */,
				E0409D3029FED2730027E0D2 /* ThemeDemoScreen.h */,
				E0409D3129FED2730027E0D2 /* ThemeDemoScreen.m */,
				E0AB83082B7A79700003EDE2 /* BuiltInThemesDemoScreen.h */,
				E0AB83092B7A79700003EDE2 /* BuiltInThemesDemoScreen.m */,
				E0DD1D182A3A1B4B0059CC38 /* SheetDemoScreen.h */,
				E0DD1D192A3A1B4B0059CC38 /* SheetDemoScreen.m */,
				E03F9BA42B6D79D6006EA449 /* ConversionDemoScreen.h */,
				E03F9BA52B6D79D6006EA449 /* ConversionDemoScreen.m */,
				E03F9BAA2B6F30D1006EA449 /* MessagingDemoScreen.h */,
				E03F9BAB2B6F30D1006EA449 /* MessagingDemoScreen.m */,
				E03F9BAD2B7017F8006EA449 /* FeatureFlagsDemoScreen.h */,
				E03F9BAE2B7017F8006EA449 /* FeatureFlagsDemoScreen.m */,
			);
			path = DemoScreens;
			sourceTree = "<group>";
		};
		E0B545E029F407C2002A25A8 = {
			isa = PBXGroup;
			children = (
				E089CE482A361F0D00BD2BB9 /* TestPlan.xctestplan */,
				E0B5462129F4082C002A25A8 /* Packages */,
				E0B545EB29F407C2002A25A8 /* SampleApp */,
				E0B5460729F407C3002A25A8 /* SampleAppTests */,
				E0B545EA29F407C2002A25A8 /* Products */,
				E0DA23ED29F4095900DB0AC7 /* Frameworks */,
			);
			sourceTree = "<group>";
		};
		E0B545EA29F407C2002A25A8 /* Products */ = {
			isa = PBXGroup;
			children = (
				E0B545E929F407C2002A25A8 /* SampleApp.app */,
				E0B5460429F407C3002A25A8 /* SampleAppTests.xctest */,
			);
			name = Products;
			sourceTree = "<group>";
		};
		E0B545EB29F407C2002A25A8 /* SampleApp */ = {
			isa = PBXGroup;
			children = (
				E07B774829F9B1CD001521F4 /* DemoScreens */,
				E0B545EC29F407C2002A25A8 /* AppDelegate.h */,
				E0B545ED29F407C2002A25A8 /* AppDelegate.m */,
				E0B545EF29F407C2002A25A8 /* SceneDelegate.h */,
				E0B545F029F407C2002A25A8 /* SceneDelegate.m */,
				E0446E762A0DC2430069E5BD /* SampleAppCoreViewController.h */,
				E0446E772A0DC2430069E5BD /* SampleAppCoreViewController.m */,
				E0B545F529F407C2002A25A8 /* Main.storyboard */,
				E0B545F829F407C3002A25A8 /* Assets.xcassets */,
				E0B545FA29F407C3002A25A8 /* LaunchScreen.storyboard */,
				E0B545FD29F407C3002A25A8 /* Info.plist */,
				E0B545FE29F407C3002A25A8 /* main.m */,
				E0DA23F029F560A800DB0AC7 /* DemoViewContoller.h */,
				E0DA23F129F560A800DB0AC7 /* DemoViewContoller.m */,
				E07B774929F9B202001521F4 /* CMDemoScreen.h */,
				E07B774A29F9B202001521F4 /* CMDemoScreen.m */,
				E07B774F29FA0144001521F4 /* Utils.h */,
				E07B775029FA0144001521F4 /* Utils.m */,
				E0446E632A0970A10069E5BD /* config.json */,
				E03F9BA72B6D8267006EA449 /* InfoHeader.h */,
				E03F9BA82B6D8267006EA449 /* InfoHeader.m */,
			);
			path = SampleApp;
			sourceTree = "<group>";
		};
		E0B5460729F407C3002A25A8 /* SampleAppTests */ = {
			isa = PBXGroup;
			children = (
				E0C102E52AE95EE4005E1A1F /* PropertiesTests.m */,
				E0B5460829F407C3002A25A8 /* SampleAppTests.m */,
				E0446E742A0DC0170069E5BD /* SnapshotTests.m */,
				E03977E92ACBADCF00A879AD /* SwiftSnapshotTests.swift */,
				E0368DB12AF7FE4600A513B7 /* testConfig.json */,
				E03977ED2ACBB8EB00A879AD /* SampleAppTests-Bridging-Header.h */,
			);
			path = SampleAppTests;
			sourceTree = "<group>";
		};
		E0B5462129F4082C002A25A8 /* Packages */ = {
			isa = PBXGroup;
			children = (
				E0409D3329FF24490027E0D2 /* criticalmoments */,
			);
			name = Packages;
			sourceTree = "<group>";
		};
		E0DA23ED29F4095900DB0AC7 /* Frameworks */ = {
			isa = PBXGroup;
			children = (
			);
			name = Frameworks;
			sourceTree = "<group>";
		};
/* End PBXGroup section */

/* Begin PBXNativeTarget section */
		E0B545E829F407C2002A25A8 /* SampleApp */ = {
			isa = PBXNativeTarget;
			buildConfigurationList = E0B5461829F407C3002A25A8 /* Build configuration list for PBXNativeTarget "SampleApp" */;
			buildPhases = (
				E0B545E529F407C2002A25A8 /* Sources */,
				E0B545E629F407C2002A25A8 /* Frameworks */,
				E0B545E729F407C2002A25A8 /* Resources */,
			);
			buildRules = (
			);
			dependencies = (
			);
			name = SampleApp;
			packageProductDependencies = (
				E0DA23EE29F4095900DB0AC7 /* CriticalMoments */,
			);
			productName = SampleApp;
			productReference = E0B545E929F407C2002A25A8 /* SampleApp.app */;
			productType = "com.apple.product-type.application";
		};
		E0B5460329F407C3002A25A8 /* SampleAppTests */ = {
			isa = PBXNativeTarget;
			buildConfigurationList = E0B5461B29F407C3002A25A8 /* Build configuration list for PBXNativeTarget "SampleAppTests" */;
			buildPhases = (
				E0B5460029F407C3002A25A8 /* Sources */,
				E0B5460129F407C3002A25A8 /* Frameworks */,
				E0B5460229F407C3002A25A8 /* Resources */,
			);
			buildRules = (
			);
			dependencies = (
				E0B5460629F407C3002A25A8 /* PBXTargetDependency */,
			);
			name = SampleAppTests;
			packageProductDependencies = (
				E0368DAF2AE9B4AF00A513B7 /* CriticalMoments */,
				E06691412B50C4F700FCFBAF /* SnapshotTesting */,
			);
			productName = SampleAppTests;
			productReference = E0B5460429F407C3002A25A8 /* SampleAppTests.xctest */;
			productType = "com.apple.product-type.bundle.unit-test";
		};
/* End PBXNativeTarget section */

/* Begin PBXProject section */
		E0B545E129F407C2002A25A8 /* Project object */ = {
			isa = PBXProject;
			attributes = {
				BuildIndependentTargetsInParallel = 1;
				LastUpgradeCheck = 1500;
				TargetAttributes = {
					E0B545E829F407C2002A25A8 = {
						CreatedOnToolsVersion = 14.3;
					};
					E0B5460329F407C3002A25A8 = {
						CreatedOnToolsVersion = 14.3;
						LastSwiftMigration = 1430;
						TestTargetID = E0B545E829F407C2002A25A8;
					};
				};
			};
			buildConfigurationList = E0B545E429F407C2002A25A8 /* Build configuration list for PBXProject "SampleApp" */;
			compatibilityVersion = "Xcode 14.0";
			developmentRegion = en;
			hasScannedForEncodings = 0;
			knownRegions = (
				en,
				Base,
			);
			mainGroup = E0B545E029F407C2002A25A8;
			packageReferences = (
				E03977E32ACBAD4100A879AD /* XCRemoteSwiftPackageReference "swift-snapshot-testing" */,
			);
			productRefGroup = E0B545EA29F407C2002A25A8 /* Products */;
			projectDirPath = "";
			projectRoot = "";
			targets = (
				E0B545E829F407C2002A25A8 /* SampleApp */,
				E0B5460329F407C3002A25A8 /* SampleAppTests */,
			);
		};
/* End PBXProject section */

/* Begin PBXResourcesBuildPhase section */
		E0B545E729F407C2002A25A8 /* Resources */ = {
			isa = PBXResourcesBuildPhase;
			buildActionMask = 2147483647;
			files = (
				E0446E642A0971750069E5BD /* config.json in Resources */,
				E0B545FC29F407C3002A25A8 /* LaunchScreen.storyboard in Resources */,
				E0B545F929F407C3002A25A8 /* Assets.xcassets in Resources */,
				E0B545F729F407C2002A25A8 /* Main.storyboard in Resources */,
			);
			runOnlyForDeploymentPostprocessing = 0;
		};
		E0B5460229F407C3002A25A8 /* Resources */ = {
			isa = PBXResourcesBuildPhase;
			buildActionMask = 2147483647;
			files = (
				E0368DB22AF7FE4600A513B7 /* testConfig.json in Resources */,
			);
			runOnlyForDeploymentPostprocessing = 0;
		};
/* End PBXResourcesBuildPhase section */

/* Begin PBXSourcesBuildPhase section */
		E0B545E529F407C2002A25A8 /* Sources */ = {
			isa = PBXSourcesBuildPhase;
			buildActionMask = 2147483647;
			files = (
				E03F9BAC2B6F30D1006EA449 /* MessagingDemoScreen.m in Sources */,
				E0B545EE29F407C2002A25A8 /* AppDelegate.m in Sources */,
				E0446E672A0CBA540069E5BD /* AlertDemoScreen.m in Sources */,
				E0DD1D1A2A3A1B4B0059CC38 /* SheetDemoScreen.m in Sources */,
				E0409D3229FED2730027E0D2 /* ThemeDemoScreen.m in Sources */,
				E069BFB12A217A9E00A4B65E /* ConditionsDemoScreen.m in Sources */,
				E07B774B29F9B202001521F4 /* CMDemoScreen.m in Sources */,
				E07B775129FA0144001521F4 /* Utils.m in Sources */,
				E07B774E29F9B69D001521F4 /* BannerDemoScreen.m in Sources */,
				E03F9BA62B6D79D6006EA449 /* ConversionDemoScreen.m in Sources */,
				E0B545FF29F407C3002A25A8 /* main.m in Sources */,
				E0446E782A0DC2430069E5BD /* SampleAppCoreViewController.m in Sources */,
				E0AB830A2B7A79700003EDE2 /* BuiltInThemesDemoScreen.m in Sources */,
				E07B775429FA04FF001521F4 /* MainDemoScreen.m in Sources */,
				E03F9BAF2B7017F8006EA449 /* FeatureFlagsDemoScreen.m in Sources */,
				E03F9BA92B6D8267006EA449 /* InfoHeader.m in Sources */,
				E0B545F129F407C2002A25A8 /* SceneDelegate.m in Sources */,
				E0446E6A2A0D73F10069E5BD /* LinkDemoScreen.m in Sources */,
				E0DA23F229F560A800DB0AC7 /* DemoViewContoller.m in Sources */,
			);
			runOnlyForDeploymentPostprocessing = 0;
		};
		E0B5460029F407C3002A25A8 /* Sources */ = {
			isa = PBXSourcesBuildPhase;
			buildActionMask = 2147483647;
			files = (
				E0C102E62AE95EE4005E1A1F /* PropertiesTests.m in Sources */,
				E0B5460929F407C3002A25A8 /* SampleAppTests.m in Sources */,
				E0446E752A0DC0170069E5BD /* SnapshotTests.m in Sources */,
				E03977EA2ACBADCF00A879AD /* SwiftSnapshotTests.swift in Sources */,
			);
			runOnlyForDeploymentPostprocessing = 0;
		};
/* End PBXSourcesBuildPhase section */

/* Begin PBXTargetDependency section */
		E0B5460629F407C3002A25A8 /* PBXTargetDependency */ = {
			isa = PBXTargetDependency;
			target = E0B545E829F407C2002A25A8 /* SampleApp */;
			targetProxy = E0B5460529F407C3002A25A8 /* PBXContainerItemProxy */;
		};
/* End PBXTargetDependency section */

/* Begin PBXVariantGroup section */
		E0B545F529F407C2002A25A8 /* Main.storyboard */ = {
			isa = PBXVariantGroup;
			children = (
				E0B545F629F407C2002A25A8 /* Base */,
			);
			name = Main.storyboard;
			sourceTree = "<group>";
		};
		E0B545FA29F407C3002A25A8 /* LaunchScreen.storyboard */ = {
			isa = PBXVariantGroup;
			children = (
				E0B545FB29F407C3002A25A8 /* Base */,
			);
			name = LaunchScreen.storyboard;
			sourceTree = "<group>";
		};
/* End PBXVariantGroup section */

/* Begin XCBuildConfiguration section */
		E0B5461629F407C3002A25A8 /* Debug */ = {
			isa = XCBuildConfiguration;
			buildSettings = {
				ALWAYS_SEARCH_USER_PATHS = NO;
				CLANG_ANALYZER_NONNULL = YES;
				CLANG_ANALYZER_NUMBER_OBJECT_CONVERSION = YES_AGGRESSIVE;
				CLANG_CXX_LANGUAGE_STANDARD = "gnu++20";
				CLANG_ENABLE_MODULES = YES;
				CLANG_ENABLE_OBJC_ARC = YES;
				CLANG_ENABLE_OBJC_WEAK = YES;
				CLANG_WARN_BLOCK_CAPTURE_AUTORELEASING = YES;
				CLANG_WARN_BOOL_CONVERSION = YES;
				CLANG_WARN_COMMA = YES;
				CLANG_WARN_CONSTANT_CONVERSION = YES;
				CLANG_WARN_DEPRECATED_OBJC_IMPLEMENTATIONS = YES;
				CLANG_WARN_DIRECT_OBJC_ISA_USAGE = YES_ERROR;
				CLANG_WARN_DOCUMENTATION_COMMENTS = YES;
				CLANG_WARN_EMPTY_BODY = YES;
				CLANG_WARN_ENUM_CONVERSION = YES;
				CLANG_WARN_INFINITE_RECURSION = YES;
				CLANG_WARN_INT_CONVERSION = YES;
				CLANG_WARN_NON_LITERAL_NULL_CONVERSION = YES;
				CLANG_WARN_OBJC_IMPLICIT_RETAIN_SELF = YES;
				CLANG_WARN_OBJC_LITERAL_CONVERSION = YES;
				CLANG_WARN_OBJC_ROOT_CLASS = YES_ERROR;
				CLANG_WARN_QUOTED_INCLUDE_IN_FRAMEWORK_HEADER = YES;
				CLANG_WARN_RANGE_LOOP_ANALYSIS = YES;
				CLANG_WARN_STRICT_PROTOTYPES = YES;
				CLANG_WARN_SUSPICIOUS_MOVE = YES;
				CLANG_WARN_UNGUARDED_AVAILABILITY = YES_AGGRESSIVE;
				CLANG_WARN_UNREACHABLE_CODE = YES;
				CLANG_WARN__DUPLICATE_METHOD_MATCH = YES;
				COPY_PHASE_STRIP = NO;
				DEBUG_INFORMATION_FORMAT = dwarf;
				ENABLE_STRICT_OBJC_MSGSEND = YES;
				ENABLE_TESTABILITY = YES;
				ENABLE_USER_SCRIPT_SANDBOXING = YES;
				GCC_C_LANGUAGE_STANDARD = gnu11;
				GCC_DYNAMIC_NO_PIC = NO;
				GCC_NO_COMMON_BLOCKS = YES;
				GCC_OPTIMIZATION_LEVEL = 0;
				GCC_PREPROCESSOR_DEFINITIONS = (
					"DEBUG=1",
					"$(inherited)",
				);
				GCC_TREAT_INCOMPATIBLE_POINTER_TYPE_WARNINGS_AS_ERRORS = YES;
				GCC_TREAT_WARNINGS_AS_ERRORS = YES;
				GCC_WARN_64_TO_32_BIT_CONVERSION = YES;
				GCC_WARN_ABOUT_RETURN_TYPE = YES_ERROR;
				GCC_WARN_UNDECLARED_SELECTOR = YES;
				GCC_WARN_UNINITIALIZED_AUTOS = YES_AGGRESSIVE;
				GCC_WARN_UNUSED_FUNCTION = YES;
				GCC_WARN_UNUSED_VARIABLE = YES;
				IPHONEOS_DEPLOYMENT_TARGET = 12.0;
				MTL_ENABLE_DEBUG_INFO = INCLUDE_SOURCE;
				MTL_FAST_MATH = YES;
				ONLY_ACTIVE_ARCH = YES;
				OTHER_CFLAGS = (
					"-Werror=return-type",
					"-Werror=unused-variable",
				);
				SDKROOT = iphoneos;
				SWIFT_TREAT_WARNINGS_AS_ERRORS = YES;
				WARNING_CFLAGS = (
					"-Werror=return-type",
					"-Werror=unused-variable",
				);
			};
			name = Debug;
		};
		E0B5461729F407C3002A25A8 /* Release */ = {
			isa = XCBuildConfiguration;
			buildSettings = {
				ALWAYS_SEARCH_USER_PATHS = NO;
				CLANG_ANALYZER_NONNULL = YES;
				CLANG_ANALYZER_NUMBER_OBJECT_CONVERSION = YES_AGGRESSIVE;
				CLANG_CXX_LANGUAGE_STANDARD = "gnu++20";
				CLANG_ENABLE_MODULES = YES;
				CLANG_ENABLE_OBJC_ARC = YES;
				CLANG_ENABLE_OBJC_WEAK = YES;
				CLANG_WARN_BLOCK_CAPTURE_AUTORELEASING = YES;
				CLANG_WARN_BOOL_CONVERSION = YES;
				CLANG_WARN_COMMA = YES;
				CLANG_WARN_CONSTANT_CONVERSION = YES;
				CLANG_WARN_DEPRECATED_OBJC_IMPLEMENTATIONS = YES;
				CLANG_WARN_DIRECT_OBJC_ISA_USAGE = YES_ERROR;
				CLANG_WARN_DOCUMENTATION_COMMENTS = YES;
				CLANG_WARN_EMPTY_BODY = YES;
				CLANG_WARN_ENUM_CONVERSION = YES;
				CLANG_WARN_INFINITE_RECURSION = YES;
				CLANG_WARN_INT_CONVERSION = YES;
				CLANG_WARN_NON_LITERAL_NULL_CONVERSION = YES;
				CLANG_WARN_OBJC_IMPLICIT_RETAIN_SELF = YES;
				CLANG_WARN_OBJC_LITERAL_CONVERSION = YES;
				CLANG_WARN_OBJC_ROOT_CLASS = YES_ERROR;
				CLANG_WARN_QUOTED_INCLUDE_IN_FRAMEWORK_HEADER = YES;
				CLANG_WARN_RANGE_LOOP_ANALYSIS = YES;
				CLANG_WARN_STRICT_PROTOTYPES = YES;
				CLANG_WARN_SUSPICIOUS_MOVE = YES;
				CLANG_WARN_UNGUARDED_AVAILABILITY = YES_AGGRESSIVE;
				CLANG_WARN_UNREACHABLE_CODE = YES;
				CLANG_WARN__DUPLICATE_METHOD_MATCH = YES;
				COPY_PHASE_STRIP = NO;
				DEBUG_INFORMATION_FORMAT = "dwarf-with-dsym";
				ENABLE_NS_ASSERTIONS = NO;
				ENABLE_STRICT_OBJC_MSGSEND = YES;
				ENABLE_USER_SCRIPT_SANDBOXING = YES;
				GCC_C_LANGUAGE_STANDARD = gnu11;
				GCC_NO_COMMON_BLOCKS = YES;
				GCC_TREAT_INCOMPATIBLE_POINTER_TYPE_WARNINGS_AS_ERRORS = YES;
				GCC_TREAT_WARNINGS_AS_ERRORS = YES;
				GCC_WARN_64_TO_32_BIT_CONVERSION = YES;
				GCC_WARN_ABOUT_RETURN_TYPE = YES_ERROR;
				GCC_WARN_UNDECLARED_SELECTOR = YES;
				GCC_WARN_UNINITIALIZED_AUTOS = YES_AGGRESSIVE;
				GCC_WARN_UNUSED_FUNCTION = YES;
				GCC_WARN_UNUSED_VARIABLE = YES;
				IPHONEOS_DEPLOYMENT_TARGET = 12.0;
				MTL_ENABLE_DEBUG_INFO = NO;
				MTL_FAST_MATH = YES;
				OTHER_CFLAGS = (
					"-Werror=return-type",
					"-Werror=unused-variable",
				);
				SDKROOT = iphoneos;
				SWIFT_COMPILATION_MODE = wholemodule;
				SWIFT_TREAT_WARNINGS_AS_ERRORS = YES;
				VALIDATE_PRODUCT = YES;
				WARNING_CFLAGS = (
					"-Werror=return-type",
					"-Werror=unused-variable",
				);
			};
			name = Release;
		};
		E0B5461929F407C3002A25A8 /* Debug */ = {
			isa = XCBuildConfiguration;
			buildSettings = {
				ASSETCATALOG_COMPILER_APPICON_NAME = AppIcon;
				ASSETCATALOG_COMPILER_GLOBAL_ACCENT_COLOR_NAME = AccentColor;
				CODE_SIGN_STYLE = Automatic;
				CURRENT_PROJECT_VERSION = 1;
				DEFINES_MODULE = NO;
				DEVELOPMENT_TEAM = 3555VWY9R9;
				GCC_PREPROCESSOR_DEFINITIONS = (
					"DEBUG=1",
					"$(inherited)",
					"IS_CRITICAL_MOMENTS_INTERNAL=1",
				);
				GENERATE_INFOPLIST_FILE = YES;
				INFOPLIST_FILE = SampleApp/Info.plist;
				INFOPLIST_KEY_CFBundleDisplayName = "Critical Moments";
				INFOPLIST_KEY_LSApplicationCategoryType = "public.app-category.developer-tools";
				INFOPLIST_KEY_NSBluetoothAlwaysUsageDescription = "Allow testing CriticalMoments in SampleApp";
				INFOPLIST_KEY_NSBluetoothPeripheralUsageDescription = "Allow location to demo checking location in the SampleApp";
				INFOPLIST_KEY_NSCameraUsageDescription = "Allow testing CriticalMoments in SampleApp";
				INFOPLIST_KEY_NSContactsUsageDescription = "Allow testing CriticalMoments in SampleApp";
				INFOPLIST_KEY_NSLocationWhenInUseUsageDescription = "Allow location to demo checking location in the SampleApp";
				INFOPLIST_KEY_NSMicrophoneUsageDescription = "Allow testing CriticalMoments in SampleApp";
				INFOPLIST_KEY_NSPhotoLibraryAddUsageDescription = "Allow testing CriticalMoments in SampleApp";
				INFOPLIST_KEY_NSPhotoLibraryUsageDescription = "Allow testing CriticalMoments in SampleApp";
				INFOPLIST_KEY_UIApplicationSupportsIndirectInputEvents = YES;
				INFOPLIST_KEY_UILaunchStoryboardName = LaunchScreen;
				INFOPLIST_KEY_UIMainStoryboardFile = Main;
				INFOPLIST_KEY_UISupportedInterfaceOrientations = "UIInterfaceOrientationLandscapeLeft UIInterfaceOrientationLandscapeRight UIInterfaceOrientationPortrait UIInterfaceOrientationPortraitUpsideDown";
				IPHONEOS_DEPLOYMENT_TARGET = 12.0;
				LD_RUNPATH_SEARCH_PATHS = (
					"$(inherited)",
					"@executable_path/Frameworks",
				);
				MARKETING_VERSION = 1.0;
				PRODUCT_BUNDLE_IDENTIFIER = "io.criticalmoments.demo-app";
				PRODUCT_NAME = "$(TARGET_NAME)";
				SWIFT_EMIT_LOC_STRINGS = YES;
				TARGETED_DEVICE_FAMILY = "1,2";
			};
			name = Debug;
		};
		E0B5461A29F407C3002A25A8 /* Release */ = {
			isa = XCBuildConfiguration;
			buildSettings = {
				ASSETCATALOG_COMPILER_APPICON_NAME = AppIcon;
				ASSETCATALOG_COMPILER_GLOBAL_ACCENT_COLOR_NAME = AccentColor;
				CODE_SIGN_STYLE = Automatic;
				CURRENT_PROJECT_VERSION = 1;
				DEFINES_MODULE = NO;
				DEVELOPMENT_TEAM = 3555VWY9R9;
				GCC_PREPROCESSOR_DEFINITIONS = "IS_CRITICAL_MOMENTS_INTERNAL=1";
				GENERATE_INFOPLIST_FILE = YES;
				INFOPLIST_FILE = SampleApp/Info.plist;
				INFOPLIST_KEY_CFBundleDisplayName = "Critical Moments";
				INFOPLIST_KEY_LSApplicationCategoryType = "public.app-category.developer-tools";
				INFOPLIST_KEY_NSBluetoothAlwaysUsageDescription = "Allow testing CriticalMoments in SampleApp";
				INFOPLIST_KEY_NSBluetoothPeripheralUsageDescription = "Allow location to demo checking location in the SampleApp";
				INFOPLIST_KEY_NSCameraUsageDescription = "Allow testing CriticalMoments in SampleApp";
				INFOPLIST_KEY_NSContactsUsageDescription = "Allow testing CriticalMoments in SampleApp";
				INFOPLIST_KEY_NSLocationWhenInUseUsageDescription = "Allow location to demo checking location in the SampleApp";
				INFOPLIST_KEY_NSMicrophoneUsageDescription = "Allow testing CriticalMoments in SampleApp";
				INFOPLIST_KEY_NSPhotoLibraryAddUsageDescription = "Allow testing CriticalMoments in SampleApp";
				INFOPLIST_KEY_NSPhotoLibraryUsageDescription = "Allow testing CriticalMoments in SampleApp";
				INFOPLIST_KEY_UIApplicationSupportsIndirectInputEvents = YES;
				INFOPLIST_KEY_UILaunchStoryboardName = LaunchScreen;
				INFOPLIST_KEY_UIMainStoryboardFile = Main;
				INFOPLIST_KEY_UISupportedInterfaceOrientations = "UIInterfaceOrientationLandscapeLeft UIInterfaceOrientationLandscapeRight UIInterfaceOrientationPortrait UIInterfaceOrientationPortraitUpsideDown";
				IPHONEOS_DEPLOYMENT_TARGET = 12.0;
				LD_RUNPATH_SEARCH_PATHS = (
					"$(inherited)",
					"@executable_path/Frameworks",
				);
				MARKETING_VERSION = 1.0;
				PRODUCT_BUNDLE_IDENTIFIER = "io.criticalmoments.demo-app";
				PRODUCT_NAME = "$(TARGET_NAME)";
				SWIFT_EMIT_LOC_STRINGS = YES;
				TARGETED_DEVICE_FAMILY = "1,2";
			};
			name = Release;
		};
		E0B5461C29F407C3002A25A8 /* Debug */ = {
			isa = XCBuildConfiguration;
			buildSettings = {
				BUNDLE_LOADER = "$(TEST_HOST)";
				CLANG_ENABLE_MODULES = YES;
				CODE_SIGN_STYLE = Automatic;
				CURRENT_PROJECT_VERSION = 1;
				DEVELOPMENT_TEAM = 3555VWY9R9;
				GCC_PREPROCESSOR_DEFINITIONS = (
					"DEBUG=1",
					"$(inherited)",
					"IS_CRITICAL_MOMENTS_INTERNAL=1",
				);
				GENERATE_INFOPLIST_FILE = YES;
				IPHONEOS_DEPLOYMENT_TARGET = 13.0;
				MARKETING_VERSION = 1.0;
				PRODUCT_BUNDLE_IDENTIFIER = io.criticalmoments.SampleAppTests;
				PRODUCT_NAME = "$(TARGET_NAME)";
				SWIFT_EMIT_LOC_STRINGS = NO;
				SWIFT_OBJC_BRIDGING_HEADER = "SampleAppTests/SampleAppTests-Bridging-Header.h";
				SWIFT_OPTIMIZATION_LEVEL = "-Onone";
				SWIFT_VERSION = 5.0;
				TARGETED_DEVICE_FAMILY = "1,2";
				TEST_HOST = "$(BUILT_PRODUCTS_DIR)/SampleApp.app/$(BUNDLE_EXECUTABLE_FOLDER_PATH)/SampleApp";
			};
			name = Debug;
		};
		E0B5461D29F407C3002A25A8 /* Release */ = {
			isa = XCBuildConfiguration;
			buildSettings = {
				BUNDLE_LOADER = "$(TEST_HOST)";
				CLANG_ENABLE_MODULES = YES;
				CODE_SIGN_STYLE = Automatic;
				CURRENT_PROJECT_VERSION = 1;
				DEVELOPMENT_TEAM = 3555VWY9R9;
				GCC_PREPROCESSOR_DEFINITIONS = "IS_CRITICAL_MOMENTS_INTERNAL=1";
				GENERATE_INFOPLIST_FILE = YES;
				IPHONEOS_DEPLOYMENT_TARGET = 13.0;
				MARKETING_VERSION = 1.0;
				PRODUCT_BUNDLE_IDENTIFIER = io.criticalmoments.SampleAppTests;
				PRODUCT_NAME = "$(TARGET_NAME)";
				SWIFT_EMIT_LOC_STRINGS = NO;
				SWIFT_OBJC_BRIDGING_HEADER = "SampleAppTests/SampleAppTests-Bridging-Header.h";
				SWIFT_VERSION = 5.0;
				TARGETED_DEVICE_FAMILY = "1,2";
				TEST_HOST = "$(BUILT_PRODUCTS_DIR)/SampleApp.app/$(BUNDLE_EXECUTABLE_FOLDER_PATH)/SampleApp";
			};
			name = Release;
		};
/* End XCBuildConfiguration section */

/* Begin XCConfigurationList section */
		E0B545E429F407C2002A25A8 /* Build configuration list for PBXProject "SampleApp" */ = {
			isa = XCConfigurationList;
			buildConfigurations = (
				E0B5461629F407C3002A25A8 /* Debug */,
				E0B5461729F407C3002A25A8 /* Release */,
			);
			defaultConfigurationIsVisible = 0;
			defaultConfigurationName = Release;
		};
		E0B5461829F407C3002A25A8 /* Build configuration list for PBXNativeTarget "SampleApp" */ = {
			isa = XCConfigurationList;
			buildConfigurations = (
				E0B5461929F407C3002A25A8 /* Debug */,
				E0B5461A29F407C3002A25A8 /* Release */,
			);
			defaultConfigurationIsVisible = 0;
			defaultConfigurationName = Release;
		};
		E0B5461B29F407C3002A25A8 /* Build configuration list for PBXNativeTarget "SampleAppTests" */ = {
			isa = XCConfigurationList;
			buildConfigurations = (
				E0B5461C29F407C3002A25A8 /* Debug */,
				E0B5461D29F407C3002A25A8 /* Release */,
			);
			defaultConfigurationIsVisible = 0;
			defaultConfigurationName = Release;
		};
/* End XCConfigurationList section */

/* Begin XCRemoteSwiftPackageReference section */
		E03977E32ACBAD4100A879AD /* XCRemoteSwiftPackageReference "swift-snapshot-testing" */ = {
			isa = XCRemoteSwiftPackageReference;
			repositoryURL = "https://github.com/pointfreeco/swift-snapshot-testing.git";
			requirement = {
				kind = upToNextMajorVersion;
				minimumVersion = 1.0.0;
			};
		};
/* End XCRemoteSwiftPackageReference section */

/* Begin XCSwiftPackageProductDependency section */
		E0368DAF2AE9B4AF00A513B7 /* CriticalMoments */ = {
			isa = XCSwiftPackageProductDependency;
			productName = CriticalMoments;
		};
		E06691412B50C4F700FCFBAF /* SnapshotTesting */ = {
			isa = XCSwiftPackageProductDependency;
			package = E03977E32ACBAD4100A879AD /* XCRemoteSwiftPackageReference "swift-snapshot-testing" */;
			productName = SnapshotTesting;
		};
		E0DA23EE29F4095900DB0AC7 /* CriticalMoments */ = {
			isa = XCSwiftPackageProductDependency;
			productName = CriticalMoments;
		};
/* End XCSwiftPackageProductDependency section */
	};
	rootObject = E0B545E129F407C2002A25A8 /* Project object */;
}
