github.com/antonmedv/expr v1.12.5 h1:Fq4okale9swwL3OeLLs9WD9H6GbgBLJyN/NUHRv+n0E=
github.com/antonmedv/expr v1.12.5/go.mod h1:FPC8iWArxls7axbVLsW+kpg1mz29A1b2M6jt+hZfDkU=
github.com/davecgh/go-spew v1.1.0/go.mod h1:J7Y8YcW2NihsgmVo/mv3lAwl/skON4iLHjSsI+c5H38=
github.com/davecgh/go-spew v1.1.1 h1:vj9j/u1bqnvCEfJOwUhtlOARqs3+rkHYY13jYWTU97c=
github.com/davecgh/go-spew v1.1.1/go.mod h1:J7Y8YcW2NihsgmVo/mv3lAwl/skON4iLHjSsI+c5H38=
github.com/google/go-cmp v0.5.9 h1:O2Tfq5qg4qc4AmwVlvv0oLiVAGB7enBSJ2x2DqQFi38=
github.com/google/go-cmp v0.5.9/go.mod h1:17dUlkBOakJ0+DkrSSNjCkIjxS6bF9zb3elmeNGIjoY=
github.com/joho/godotenv v1.5.1 h1:7eLL/+HRGLY0ldzfGMeQkb7vMd0as4CfYvUVzLqw0N0=
github.com/joho/godotenv v1.5.1/go.mod h1:f4LDr5Voq0i2e/R5DDNOoa2zzDfwtkZa6DnEwAbqwq4=
github.com/pmezard/go-difflib v1.0.0 h1:4DBwDE0NGyQoBHbLQYPwSUPoCMWR5BEzIk/f1lZbAQM=
github.com/pmezard/go-difflib v1.0.0/go.mod h1:iKH77koFhYxTK1pcRnkKkqfTogsbg7gZNVY4sRDYZ/4=
github.com/stretchr/objx v0.1.0/go.mod h1:HFkY916IF+rwdDfMAkV7OtwuqBVzrE8GR6GFx+wExME=
github.com/stretchr/objx v0.4.0/go.mod h1:YvHI0jy2hoMjB+UWwv71VJQ9isScKT/TqJzVSSt89Yw=
github.com/stretchr/testify v1.7.1/go.mod h1:6Fq8oRcR53rry900zMqJjRRixrwX3KX962/h/Wwjteg=
github.com/stretchr/testify v1.8.0 h1:pSgiaMZlXftHpm5L7V1+rVB+AZJydKsMxsQBIJw4PKk=
github.com/stretchr/testify v1.8.0/go.mod h1:yNjHg4UonilssWZ8iaSj1OCr/vHnekPRkoO+kdMU+MU=
golang.org/x/exp v0.0.0-20230510235704-dd950f8aeaea h1:vLCWI/yYrdEHyN2JzIzPO3aaQJHQdp89IZBA/+azVC4=
golang.org/x/exp v0.0.0-20230510235704-dd950f8aeaea/go.mod h1:V1LtkGg67GoY2N1AnLN78QLrzxkLyJw7RJb1gzOOz9w=
golang.org/x/mobile v0.0.0-20230427221453-e8d11dd0ba41 h1:539vykMVJsmdiucRtMmdeLLZaTVhWhaAHFcPabj2lws=
golang.org/x/mobile v0.0.0-20230427221453-e8d11dd0ba41/go.mod h1:aAjjkJNdrh3PMckS4B10TGS2nag27cbKR1y2BpUxsiY=
golang.org/x/mod v0.6.0 h1:b9gGHsz9/HhJ3HF5DHQytPpuwocVTChQJK3AvoLRD5I=
golang.org/x/mod v0.6.0/go.mod h1:4mET923SAdbXp2ki8ey+zGs1SLqsuM2Y0uvdZR/fUNI=
golang.org/x/sync v0.0.0-20220819030929-7fc1605a5dde h1:ejfdSekXMDxDLbRrJMwUk6KnSLZ2McaUCVcIKM+N6jc=
golang.org/x/sync v0.0.0-20220819030929-7fc1605a5dde/go.mod h1:RxMgew5VJxzue5/jJTE5uejpjVlOe/izrB70Jof72aM=
golang.org/x/sys v0.1.0 h1:kunALQeHf1/185U1i0GOB/fy1IPRDDpuoOOqRReG57U=
golang.org/x/sys v0.1.0/go.mod h1:oPkhp1MJrh7nUepCBck5+mAzfO9JrbApNNgaTdGDITg=
golang.org/x/tools v0.2.0 h1:G6AHpWxTMGY1KyEYoAQ5WTtIekUUvDNjan3ugu60JvE=
golang.org/x/tools v0.2.0/go.mod h1:y4OqIKeOV/fWJetJ8bXPU1sEVniLMIyDAZWeHdV+NTA=
gopkg.in/check.v1 v0.0.0-20161208181325-20d25e280405/go.mod h1:Co6ibVJAznAaIkqp8huTwlJQCZ016jof/cbN4VW5Yz0=
gopkg.in/yaml.v3 v3.0.0-20200313102051-9f266ea9e77c/go.mod h1:K4uyk7z7BCEPqu6E+C64Yfv1cQ7kz7rIZviUmN+EgEM=
gopkg.in/yaml.v3 v3.0.1 h1:fxVm/GzAzEWqLHuvctI91KS9hhNmmWOoWu0XTYJS7CA=
gopkg.in/yaml.v3 v3.0.1/go.mod h1:K4uyk7z7BCEPqu6E+C64Yfv1cQ7kz7rIZviUmN+EgEM=
